
Microsoft Visual Studio Solution File, Format Version 12.00
# Visual Studio Version 17
VisualStudioVersion = 17.5.33414.496
MinimumVisualStudioVersion = 10.0.40219.1
Project("{FAE04EC0-301F-11D3-BF4B-00C04F79EFBC}") = "Demo.UI", "src\Demo.UI\Demo.UI.csproj", "{2D2FCF32-B164-4D64-AF6C-59D6E78D9187}"
EndProject
Project("{FAE04EC0-301F-11D3-BF4B-00C04F79EFBC}") = "Demo.UI.Component", "src\Demo.UI.Component\Demo.UI.Component.csproj", "{4F1C46D3-B217-4447-9B02-430104DB2FDB}"
EndProject
Project("{FAE04EC0-301F-11D3-BF4B-00C04F79EFBC}") = "Demo.Core", "src\Demo.Core\Demo.Core.csproj", "{433B4492-EB89-4B37-8DFE-1623E7ADB493}"
EndProject
Project("{FAE04EC0-301F-11D3-BF4B-00C04F79EFBC}") = "Demo.Extensions", "src\Demo.Extensions\Demo.Extensions.csproj", "{ECC87BBC-C2B2-41F3-9406-AB932496EA26}"
EndProject
Project("{2150E333-8FDC-42A3-9474-1A3956D46DE8}") = "UI", "UI", "{51B680DF-C2E2-4515-9160-8AD36BA1902F}"
EndProject
Project("{2150E333-8FDC-42A3-9474-1A3956D46DE8}") = "Core", "Core", "{B3CADA55-116D-40A6-A72F-F709253FF0C8}"
EndProject
Project("{2150E333-8FDC-42A3-9474-1A3956D46DE8}") = "Tests", "Tests", "{A4A52A41-F9E4-467A-AE2A-807329E0EAED}"
EndProject
Project("{FAE04EC0-301F-11D3-BF4B-00C04F79EFBC}") = "Demo.Tests.Core", "tests\unit\Demo.Tests.Core\Demo.Tests.Core.csproj", "{32959EAC-9FAE-4DD5-BE88-AAC95FB3B46B}"
EndProject
Global
	GlobalSection(SolutionConfigurationPlatforms) = preSolution
		Debug|Any CPU = Debug|Any CPU
		Release|Any CPU = Release|Any CPU
	EndGlobalSection
	GlobalSection(ProjectConfigurationPlatforms) = postSolution
		{2D2FCF32-B164-4D64-AF6C-59D6E78D9187}.Debug|Any CPU.ActiveCfg = Debug|Any CPU
		{2D2FCF32-B164-4D64-AF6C-59D6E78D9187}.Debug|Any CPU.Build.0 = Debug|Any CPU
		{2D2FCF32-B164-4D64-AF6C-59D6E78D9187}.Release|Any CPU.ActiveCfg = Release|Any CPU
		{2D2FCF32-B164-4D64-AF6C-59D6E78D9187}.Release|Any CPU.Build.0 = Release|Any CPU
		{4F1C46D3-B217-4447-9B02-430104DB2FDB}.Debug|Any CPU.ActiveCfg = Debug|Any CPU
		{4F1C46D3-B217-4447-9B02-430104DB2FDB}.Debug|Any CPU.Build.0 = Debug|Any CPU
		{4F1C46D3-B217-4447-9B02-430104DB2FDB}.Release|Any CPU.ActiveCfg = Release|Any CPU
		{4F1C46D3-B217-4447-9B02-430104DB2FDB}.Release|Any CPU.Build.0 = Release|Any CPU
		{433B4492-EB89-4B37-8DFE-1623E7ADB493}.Debug|Any CPU.ActiveCfg = Debug|Any CPU
		{433B4492-EB89-4B37-8DFE-1623E7ADB493}.Debug|Any CPU.Build.0 = Debug|Any CPU
		{433B4492-EB89-4B37-8DFE-1623E7ADB493}.Release|Any CPU.ActiveCfg = Release|Any CPU
		{433B4492-EB89-4B37-8DFE-1623E7ADB493}.Release|Any CPU.Build.0 = Release|Any CPU
		{ECC87BBC-C2B2-41F3-9406-AB932496EA26}.Debug|Any CPU.ActiveCfg = Debug|Any CPU
		{ECC87BBC-C2B2-41F3-9406-AB932496EA26}.Debug|Any CPU.Build.0 = Debug|Any CPU
		{ECC87BBC-C2B2-41F3-9406-AB932496EA26}.Release|Any CPU.ActiveCfg = Release|Any CPU
		{ECC87BBC-C2B2-41F3-9406-AB932496EA26}.Release|Any CPU.Build.0 = Release|Any CPU
		{32959EAC-9FAE-4DD5-BE88-AAC95FB3B46B}.Debug|Any CPU.ActiveCfg = Debug|Any CPU
		{32959EAC-9FAE-4DD5-BE88-AAC95FB3B46B}.Debug|Any CPU.Build.0 = Debug|Any CPU
		{32959EAC-9FAE-4DD5-BE88-AAC95FB3B46B}.Release|Any CPU.ActiveCfg = Release|Any CPU
		{32959EAC-9FAE-4DD5-BE88-AAC95FB3B46B}.Release|Any CPU.Build.0 = Release|Any CPU
	EndGlobalSection
	GlobalSection(SolutionProperties) = preSolution
		HideSolutionNode = FALSE
	EndGlobalSection
	GlobalSection(NestedProjects) = preSolution
		{2D2FCF32-B164-4D64-AF6C-59D6E78D9187} = {51B680DF-C2E2-4515-9160-8AD36BA1902F}
		{4F1C46D3-B217-4447-9B02-430104DB2FDB} = {51B680DF-C2E2-4515-9160-8AD36BA1902F}
		{433B4492-EB89-4B37-8DFE-1623E7ADB493} = {B3CADA55-116D-40A6-A72F-F709253FF0C8}
		{ECC87BBC-C2B2-41F3-9406-AB932496EA26} = {B3CADA55-116D-40A6-A72F-F709253FF0C8}
		{32959EAC-9FAE-4DD5-BE88-AAC95FB3B46B} = {A4A52A41-F9E4-467A-AE2A-807329E0EAED}
	EndGlobalSection
	GlobalSection(ExtensibilityGlobals) = postSolution
		SolutionGuid = {53E26283-2083-47AE-911E-48A351E98FF8}
	EndGlobalSection
EndGlobal
